
Microsoft Visual Studio Solution File, Format Version 12.00
# Visual Studio Version 17
VisualStudioVersion = 17.8.35326.199
MinimumVisualStudioVersion = 10.0.40219.1
Project("{FAE04EC0-301F-11D3-BF4B-00C04F79EFBC}") = "EventFoodOrders", "EventFoodOrders\EventFoodOrders.csproj", "{A0F1F088-F6A4-443D-9B1E-491FBDAFA97A}"
EndProject
Global
	GlobalSection(SolutionConfigurationPlatforms) = preSolution
		Debug|Any CPU = Debug|Any CPU
		Release|Any CPU = Release|Any CPU
	EndGlobalSection
	GlobalSection(ProjectConfigurationPlatforms) = postSolution
		{A0F1F088-F6A4-443D-9B1E-491FBDAFA97A}.Debug|Any CPU.ActiveCfg = Debug|Any CPU
		{A0F1F088-F6A4-443D-9B1E-491FBDAFA97A}.Debug|Any CPU.Build.0 = Debug|Any CPU
		{A0F1F088-F6A4-443D-9B1E-491FBDAFA97A}.Release|Any CPU.ActiveCfg = Release|Any CPU
		{A0F1F088-F6A4-443D-9B1E-491FBDAFA97A}.Release|Any CPU.Build.0 = Release|Any CPU
	EndGlobalSection
	GlobalSection(SolutionProperties) = preSolution
		HideSolutionNode = FALSE
	EndGlobalSection
	GlobalSection(ExtensibilityGlobals) = postSolution
		SolutionGuid = {5C01C17A-E1D3-41D6-B9F8-31FF368E9856}
	EndGlobalSection
EndGlobal
